// !$*UTF8*$!
{
	archiveVersion = 1;
	classes = {
	};
	objectVersion = 48;
	objects = {

/* Begin PBXBuildFile section */
		28CBC45E1ECE9CD5B9FB7E9E /* Pods_collectionviewexcersice_partone.framework in Frameworks */ = {isa = PBXBuildFile; fileRef = 5A8A1244A64A6729A89A686F /* Pods_collectionviewexcersice_partone.framework */; };
		A5FD6CF26D136C9B28BE58CF /* Pods_collectionviewexcersice_partoneUITests.framework in Frameworks */ = {isa = PBXBuildFile; fileRef = 55FE640C0E7AA14B6AB51E6D /* Pods_collectionviewexcersice_partoneUITests.framework */; };
		BB939C421FA90B6C009445B8 /* AppDelegate.swift in Sources */ = {isa = PBXBuildFile; fileRef = BB939C411FA90B6C009445B8 /* AppDelegate.swift */; };
		BB939C441FA90B6C009445B8 /* ViewController.swift in Sources */ = {isa = PBXBuildFile; fileRef = BB939C431FA90B6C009445B8 /* ViewController.swift */; };
		BB939C471FA90B6C009445B8 /* Main.storyboard in Resources */ = {isa = PBXBuildFile; fileRef = BB939C451FA90B6C009445B8 /* Main.storyboard */; };
		BB939C4A1FA90B6C009445B8 /* collectionviewexcersice_partone.xcdatamodeld in Sources */ = {isa = PBXBuildFile; fileRef = BB939C481FA90B6C009445B8 /* collectionviewexcersice_partone.xcdatamodeld */; };
		BB939C4F1FA90B6C009445B8 /* LaunchScreen.storyboard in Resources */ = {isa = PBXBuildFile; fileRef = BB939C4D1FA90B6C009445B8 /* LaunchScreen.storyboard */; };
		BB939C5A1FA90B6C009445B8 /* collectionviewexcersice_partoneTests.swift in Sources */ = {isa = PBXBuildFile; fileRef = BB939C591FA90B6C009445B8 /* collectionviewexcersice_partoneTests.swift */; };
		BB939C651FA90B6C009445B8 /* collectionviewexcersice_partoneUITests.swift in Sources */ = {isa = PBXBuildFile; fileRef = BB939C641FA90B6C009445B8 /* collectionviewexcersice_partoneUITests.swift */; };
		BB939C731FA9422A009445B8 /* Assets.xcassets in Resources */ = {isa = PBXBuildFile; fileRef = BB939C721FA9422A009445B8 /* Assets.xcassets */; };
		BB939C7B1FA956E8009445B8 /* CollectionViewCellController.swift in Sources */ = {isa = PBXBuildFile; fileRef = BB939C791FA956E8009445B8 /* CollectionViewCellController.swift */; };
		BB939C7C1FA956E8009445B8 /* CollectionViewCellController.xib in Resources */ = {isa = PBXBuildFile; fileRef = BB939C7A1FA956E8009445B8 /* CollectionViewCellController.xib */; };
		BB939C7E1FA95E32009445B8 /* Person.swift in Sources */ = {isa = PBXBuildFile; fileRef = BB939C7D1FA95E32009445B8 /* Person.swift */; };
		BB939C801FA970D2009445B8 /* PersonPresenterViewController.swift in Sources */ = {isa = PBXBuildFile; fileRef = BB939C7F1FA970D2009445B8 /* PersonPresenterViewController.swift */; };
		BB939C821FA97821009445B8 /* PersonCreatorViewController.swift in Sources */ = {isa = PBXBuildFile; fileRef = BB939C811FA97821009445B8 /* PersonCreatorViewController.swift */; };
		E009293A6FDA1CED2921D294 /* Pods_collectionviewexcersice_partoneTests.framework in Frameworks */ = {isa = PBXBuildFile; fileRef = 59E7C0E6B8CC51ED6EE82964 /* Pods_collectionviewexcersice_partoneTests.framework */; };
/* End PBXBuildFile section */

/* Begin PBXContainerItemProxy section */
		BB939C561FA90B6C009445B8 /* PBXContainerItemProxy */ = {
			isa = PBXContainerItemProxy;
			containerPortal = BB939C361FA90B6C009445B8 /* Project object */;
			proxyType = 1;
			remoteGlobalIDString = BB939C3D1FA90B6C009445B8;
			remoteInfo = "collectionviewexcersice-partone";
		};
		BB939C611FA90B6C009445B8 /* PBXContainerItemProxy */ = {
			isa = PBXContainerItemProxy;
			containerPortal = BB939C361FA90B6C009445B8 /* Project object */;
			proxyType = 1;
			remoteGlobalIDString = BB939C3D1FA90B6C009445B8;
			remoteInfo = "collectionviewexcersice-partone";
		};
/* End PBXContainerItemProxy section */

/* Begin PBXFileReference section */
		55FE640C0E7AA14B6AB51E6D /* Pods_collectionviewexcersice_partoneUITests.framework */ = {isa = PBXFileReference; explicitFileType = wrapper.framework; includeInIndex = 0; path = Pods_collectionviewexcersice_partoneUITests.framework; sourceTree = BUILT_PRODUCTS_DIR; };
		59E7C0E6B8CC51ED6EE82964 /* Pods_collectionviewexcersice_partoneTests.framework */ = {isa = PBXFileReference; explicitFileType = wrapper.framework; includeInIndex = 0; path = Pods_collectionviewexcersice_partoneTests.framework; sourceTree = BUILT_PRODUCTS_DIR; };
		5A8A1244A64A6729A89A686F /* Pods_collectionviewexcersice_partone.framework */ = {isa = PBXFileReference; explicitFileType = wrapper.framework; includeInIndex = 0; path = Pods_collectionviewexcersice_partone.framework; sourceTree = BUILT_PRODUCTS_DIR; };
		807E05D44AB4BE3675C7D736 /* Pods-collectionviewexcersice-partoneUITests.debug.xcconfig */ = {isa = PBXFileReference; includeInIndex = 1; lastKnownFileType = text.xcconfig; name = "Pods-collectionviewexcersice-partoneUITests.debug.xcconfig"; path = "Pods/Target Support Files/Pods-collectionviewexcersice-partoneUITests/Pods-collectionviewexcersice-partoneUITests.debug.xcconfig"; sourceTree = "<group>"; };
		96D190844DCFE498351E7A84 /* Pods-collectionviewexcersice-partone.release.xcconfig */ = {isa = PBXFileReference; includeInIndex = 1; lastKnownFileType = text.xcconfig; name = "Pods-collectionviewexcersice-partone.release.xcconfig"; path = "Pods/Target Support Files/Pods-collectionviewexcersice-partone/Pods-collectionviewexcersice-partone.release.xcconfig"; sourceTree = "<group>"; };
		AB25C144D283F161B5BB5316 /* Pods-collectionviewexcersice-partoneTests.release.xcconfig */ = {isa = PBXFileReference; includeInIndex = 1; lastKnownFileType = text.xcconfig; name = "Pods-collectionviewexcersice-partoneTests.release.xcconfig"; path = "Pods/Target Support Files/Pods-collectionviewexcersice-partoneTests/Pods-collectionviewexcersice-partoneTests.release.xcconfig"; sourceTree = "<group>"; };
		BB939C3E1FA90B6C009445B8 /* collectionviewexcersice-partone.app */ = {isa = PBXFileReference; explicitFileType = wrapper.application; includeInIndex = 0; path = "collectionviewexcersice-partone.app"; sourceTree = BUILT_PRODUCTS_DIR; };
		BB939C411FA90B6C009445B8 /* AppDelegate.swift */ = {isa = PBXFileReference; lastKnownFileType = sourcecode.swift; path = AppDelegate.swift; sourceTree = "<group>"; };
		BB939C431FA90B6C009445B8 /* ViewController.swift */ = {isa = PBXFileReference; lastKnownFileType = sourcecode.swift; path = ViewController.swift; sourceTree = "<group>"; };
		BB939C461FA90B6C009445B8 /* Base */ = {isa = PBXFileReference; lastKnownFileType = file.storyboard; name = Base; path = Base.lproj/Main.storyboard; sourceTree = "<group>"; };
		BB939C491FA90B6C009445B8 /* collectionviewexcersice_partone.xcdatamodel */ = {isa = PBXFileReference; lastKnownFileType = wrapper.xcdatamodel; path = collectionviewexcersice_partone.xcdatamodel; sourceTree = "<group>"; };
		BB939C4E1FA90B6C009445B8 /* Base */ = {isa = PBXFileReference; lastKnownFileType = file.storyboard; name = Base; path = Base.lproj/LaunchScreen.storyboard; sourceTree = "<group>"; };
		BB939C501FA90B6C009445B8 /* Info.plist */ = {isa = PBXFileReference; lastKnownFileType = text.plist.xml; path = Info.plist; sourceTree = "<group>"; };
		BB939C551FA90B6C009445B8 /* collectionviewexcersice-partoneTests.xctest */ = {isa = PBXFileReference; explicitFileType = wrapper.cfbundle; includeInIndex = 0; path = "collectionviewexcersice-partoneTests.xctest"; sourceTree = BUILT_PRODUCTS_DIR; };
		BB939C591FA90B6C009445B8 /* collectionviewexcersice_partoneTests.swift */ = {isa = PBXFileReference; lastKnownFileType = sourcecode.swift; path = collectionviewexcersice_partoneTests.swift; sourceTree = "<group>"; };
		BB939C5B1FA90B6C009445B8 /* Info.plist */ = {isa = PBXFileReference; lastKnownFileType = text.plist.xml; path = Info.plist; sourceTree = "<group>"; };
		BB939C601FA90B6C009445B8 /* collectionviewexcersice-partoneUITests.xctest */ = {isa = PBXFileReference; explicitFileType = wrapper.cfbundle; includeInIndex = 0; path = "collectionviewexcersice-partoneUITests.xctest"; sourceTree = BUILT_PRODUCTS_DIR; };
		BB939C641FA90B6C009445B8 /* collectionviewexcersice_partoneUITests.swift */ = {isa = PBXFileReference; lastKnownFileType = sourcecode.swift; path = collectionviewexcersice_partoneUITests.swift; sourceTree = "<group>"; };
		BB939C661FA90B6C009445B8 /* Info.plist */ = {isa = PBXFileReference; lastKnownFileType = text.plist.xml; path = Info.plist; sourceTree = "<group>"; };
		BB939C721FA9422A009445B8 /* Assets.xcassets */ = {isa = PBXFileReference; lastKnownFileType = folder.assetcatalog; path = Assets.xcassets; sourceTree = "<group>"; };
		BB939C791FA956E8009445B8 /* CollectionViewCellController.swift */ = {isa = PBXFileReference; lastKnownFileType = sourcecode.swift; path = CollectionViewCellController.swift; sourceTree = "<group>"; };
		BB939C7A1FA956E8009445B8 /* CollectionViewCellController.xib */ = {isa = PBXFileReference; lastKnownFileType = file.xib; path = CollectionViewCellController.xib; sourceTree = "<group>"; };
		BB939C7D1FA95E32009445B8 /* Person.swift */ = {isa = PBXFileReference; lastKnownFileType = sourcecode.swift; path = Person.swift; sourceTree = "<group>"; };
		BB939C7F1FA970D2009445B8 /* PersonPresenterViewController.swift */ = {isa = PBXFileReference; lastKnownFileType = sourcecode.swift; path = PersonPresenterViewController.swift; sourceTree = "<group>"; };
		BB939C811FA97821009445B8 /* PersonCreatorViewController.swift */ = {isa = PBXFileReference; lastKnownFileType = sourcecode.swift; path = PersonCreatorViewController.swift; sourceTree = "<group>"; };
		BBCD5151301225D45D941342 /* Pods-collectionviewexcersice-partone.debug.xcconfig */ = {isa = PBXFileReference; includeInIndex = 1; lastKnownFileType = text.xcconfig; name = "Pods-collectionviewexcersice-partone.debug.xcconfig"; path = "Pods/Target Support Files/Pods-collectionviewexcersice-partone/Pods-collectionviewexcersice-partone.debug.xcconfig"; sourceTree = "<group>"; };
		BBF6AF16459A3F03F93E29EE /* Pods-collectionviewexcersice-partoneTests.debug.xcconfig */ = {isa = PBXFileReference; includeInIndex = 1; lastKnownFileType = text.xcconfig; name = "Pods-collectionviewexcersice-partoneTests.debug.xcconfig"; path = "Pods/Target Support Files/Pods-collectionviewexcersice-partoneTests/Pods-collectionviewexcersice-partoneTests.debug.xcconfig"; sourceTree = "<group>"; };
		DC7080BB627000F4EFC246AD /* Pods-collectionviewexcersice-partoneUITests.release.xcconfig */ = {isa = PBXFileReference; includeInIndex = 1; lastKnownFileType = text.xcconfig; name = "Pods-collectionviewexcersice-partoneUITests.release.xcconfig"; path = "Pods/Target Support Files/Pods-collectionviewexcersice-partoneUITests/Pods-collectionviewexcersice-partoneUITests.release.xcconfig"; sourceTree = "<group>"; };
/* End PBXFileReference section */

/* Begin PBXFrameworksBuildPhase section */
		BB939C3B1FA90B6C009445B8 /* Frameworks */ = {
			isa = PBXFrameworksBuildPhase;
			buildActionMask = 2147483647;
			files = (
				28CBC45E1ECE9CD5B9FB7E9E /* Pods_collectionviewexcersice_partone.framework in Frameworks */,
			);
			runOnlyForDeploymentPostprocessing = 0;
		};
		BB939C521FA90B6C009445B8 /* Frameworks */ = {
			isa = PBXFrameworksBuildPhase;
			buildActionMask = 2147483647;
			files = (
				E009293A6FDA1CED2921D294 /* Pods_collectionviewexcersice_partoneTests.framework in Frameworks */,
			);
			runOnlyForDeploymentPostprocessing = 0;
		};
		BB939C5D1FA90B6C009445B8 /* Frameworks */ = {
			isa = PBXFrameworksBuildPhase;
			buildActionMask = 2147483647;
			files = (
				A5FD6CF26D136C9B28BE58CF /* Pods_collectionviewexcersice_partoneUITests.framework in Frameworks */,
			);
			runOnlyForDeploymentPostprocessing = 0;
		};
/* End PBXFrameworksBuildPhase section */

/* Begin PBXGroup section */
		A01D8490015E861E5953B986 /* Pods */ = {
			isa = PBXGroup;
			children = (
				BBCD5151301225D45D941342 /* Pods-collectionviewexcersice-partone.debug.xcconfig */,
				96D190844DCFE498351E7A84 /* Pods-collectionviewexcersice-partone.release.xcconfig */,
				BBF6AF16459A3F03F93E29EE /* Pods-collectionviewexcersice-partoneTests.debug.xcconfig */,
				AB25C144D283F161B5BB5316 /* Pods-collectionviewexcersice-partoneTests.release.xcconfig */,
				807E05D44AB4BE3675C7D736 /* Pods-collectionviewexcersice-partoneUITests.debug.xcconfig */,
				DC7080BB627000F4EFC246AD /* Pods-collectionviewexcersice-partoneUITests.release.xcconfig */,
			);
			name = Pods;
			sourceTree = "<group>";
		};
		BB939C351FA90B6C009445B8 = {
			isa = PBXGroup;
			children = (
				BB939C401FA90B6C009445B8 /* collectionviewexcersice-partone */,
				BB939C581FA90B6C009445B8 /* collectionviewexcersice-partoneTests */,
				BB939C631FA90B6C009445B8 /* collectionviewexcersice-partoneUITests */,
				BB939C3F1FA90B6C009445B8 /* Products */,
				A01D8490015E861E5953B986 /* Pods */,
				E5A201444DE79D3801805330 /* Frameworks */,
			);
			sourceTree = "<group>";
		};
		BB939C3F1FA90B6C009445B8 /* Products */ = {
			isa = PBXGroup;
			children = (
				BB939C3E1FA90B6C009445B8 /* collectionviewexcersice-partone.app */,
				BB939C551FA90B6C009445B8 /* collectionviewexcersice-partoneTests.xctest */,
				BB939C601FA90B6C009445B8 /* collectionviewexcersice-partoneUITests.xctest */,
			);
			name = Products;
			sourceTree = "<group>";
		};
		BB939C401FA90B6C009445B8 /* collectionviewexcersice-partone */ = {
			isa = PBXGroup;
			children = (
				BB939C411FA90B6C009445B8 /* AppDelegate.swift */,
				BB939C431FA90B6C009445B8 /* ViewController.swift */,
				BB939C7D1FA95E32009445B8 /* Person.swift */,
				BB939C451FA90B6C009445B8 /* Main.storyboard */,
				BB939C811FA97821009445B8 /* PersonCreatorViewController.swift */,
				BB939C7F1FA970D2009445B8 /* PersonPresenterViewController.swift */,
				BB939C4D1FA90B6C009445B8 /* LaunchScreen.storyboard */,
				BB939C501FA90B6C009445B8 /* Info.plist */,
				BB939C481FA90B6C009445B8 /* collectionviewexcersice_partone.xcdatamodeld */,
				BB939C721FA9422A009445B8 /* Assets.xcassets */,
				BB939C791FA956E8009445B8 /* CollectionViewCellController.swift */,
				BB939C7A1FA956E8009445B8 /* CollectionViewCellController.xib */,
			);
			path = "collectionviewexcersice-partone";
			sourceTree = "<group>";
		};
		BB939C581FA90B6C009445B8 /* collectionviewexcersice-partoneTests */ = {
			isa = PBXGroup;
			children = (
				BB939C591FA90B6C009445B8 /* collectionviewexcersice_partoneTests.swift */,
				BB939C5B1FA90B6C009445B8 /* Info.plist */,
			);
			path = "collectionviewexcersice-partoneTests";
			sourceTree = "<group>";
		};
		BB939C631FA90B6C009445B8 /* collectionviewexcersice-partoneUITests */ = {
			isa = PBXGroup;
			children = (
				BB939C641FA90B6C009445B8 /* collectionviewexcersice_partoneUITests.swift */,
				BB939C661FA90B6C009445B8 /* Info.plist */,
			);
			path = "collectionviewexcersice-partoneUITests";
			sourceTree = "<group>";
		};
		E5A201444DE79D3801805330 /* Frameworks */ = {
			isa = PBXGroup;
			children = (
				5A8A1244A64A6729A89A686F /* Pods_collectionviewexcersice_partone.framework */,
				59E7C0E6B8CC51ED6EE82964 /* Pods_collectionviewexcersice_partoneTests.framework */,
				55FE640C0E7AA14B6AB51E6D /* Pods_collectionviewexcersice_partoneUITests.framework */,
			);
			name = Frameworks;
			sourceTree = "<group>";
		};
/* End PBXGroup section */

/* Begin PBXNativeTarget section */
		BB939C3D1FA90B6C009445B8 /* collectionviewexcersice-partone */ = {
			isa = PBXNativeTarget;
			buildConfigurationList = BB939C691FA90B6C009445B8 /* Build configuration list for PBXNativeTarget "collectionviewexcersice-partone" */;
			buildPhases = (
				3EB40DBF5E43250B79A21B80 /* [CP] Check Pods Manifest.lock */,
				BB939C3A1FA90B6C009445B8 /* Sources */,
				BB939C3B1FA90B6C009445B8 /* Frameworks */,
				BB939C3C1FA90B6C009445B8 /* Resources */,
				219253C4C037D683CBB22CF8 /* [CP] Embed Pods Frameworks */,
				B24554E9A6805C4688DD3A46 /* [CP] Copy Pods Resources */,
			);
			buildRules = (
			);
			dependencies = (
			);
			name = "collectionviewexcersice-partone";
			productName = "collectionviewexcersice-partone";
			productReference = BB939C3E1FA90B6C009445B8 /* collectionviewexcersice-partone.app */;
			productType = "com.apple.product-type.application";
		};
		BB939C541FA90B6C009445B8 /* collectionviewexcersice-partoneTests */ = {
			isa = PBXNativeTarget;
			buildConfigurationList = BB939C6C1FA90B6C009445B8 /* Build configuration list for PBXNativeTarget "collectionviewexcersice-partoneTests" */;
			buildPhases = (
				97EF20C8DAC5C32165D73322 /* [CP] Check Pods Manifest.lock */,
				BB939C511FA90B6C009445B8 /* Sources */,
				BB939C521FA90B6C009445B8 /* Frameworks */,
				BB939C531FA90B6C009445B8 /* Resources */,
				B04792EC4DDE5FE7B65FCBFA /* [CP] Embed Pods Frameworks */,
				5F6FCDFF9CABDA01A83DDC1D /* [CP] Copy Pods Resources */,
			);
			buildRules = (
			);
			dependencies = (
				BB939C571FA90B6C009445B8 /* PBXTargetDependency */,
			);
			name = "collectionviewexcersice-partoneTests";
			productName = "collectionviewexcersice-partoneTests";
			productReference = BB939C551FA90B6C009445B8 /* collectionviewexcersice-partoneTests.xctest */;
			productType = "com.apple.product-type.bundle.unit-test";
		};
		BB939C5F1FA90B6C009445B8 /* collectionviewexcersice-partoneUITests */ = {
			isa = PBXNativeTarget;
			buildConfigurationList = BB939C6F1FA90B6C009445B8 /* Build configuration list for PBXNativeTarget "collectionviewexcersice-partoneUITests" */;
			buildPhases = (
				012892DC8D86F65FFFD9C006 /* [CP] Check Pods Manifest.lock */,
				BB939C5C1FA90B6C009445B8 /* Sources */,
				BB939C5D1FA90B6C009445B8 /* Frameworks */,
				BB939C5E1FA90B6C009445B8 /* Resources */,
				F880B560A58718AAA3039BFC /* [CP] Embed Pods Frameworks */,
				E318DB88FC43AFCF6D97B1E2 /* [CP] Copy Pods Resources */,
			);
			buildRules = (
			);
			dependencies = (
				BB939C621FA90B6C009445B8 /* PBXTargetDependency */,
			);
			name = "collectionviewexcersice-partoneUITests";
			productName = "collectionviewexcersice-partoneUITests";
			productReference = BB939C601FA90B6C009445B8 /* collectionviewexcersice-partoneUITests.xctest */;
			productType = "com.apple.product-type.bundle.ui-testing";
		};
/* End PBXNativeTarget section */

/* Begin PBXProject section */
		BB939C361FA90B6C009445B8 /* Project object */ = {
			isa = PBXProject;
			attributes = {
				LastSwiftUpdateCheck = 0900;
				LastUpgradeCheck = 0900;
				ORGANIZATIONNAME = "Mobile Consulting Solutions";
				TargetAttributes = {
					BB939C3D1FA90B6C009445B8 = {
						CreatedOnToolsVersion = 9.0.1;
						ProvisioningStyle = Automatic;
					};
					BB939C541FA90B6C009445B8 = {
						CreatedOnToolsVersion = 9.0.1;
						ProvisioningStyle = Automatic;
						TestTargetID = BB939C3D1FA90B6C009445B8;
					};
					BB939C5F1FA90B6C009445B8 = {
						CreatedOnToolsVersion = 9.0.1;
						ProvisioningStyle = Automatic;
						TestTargetID = BB939C3D1FA90B6C009445B8;
					};
				};
			};
			buildConfigurationList = BB939C391FA90B6C009445B8 /* Build configuration list for PBXProject "collectionviewexcersice-partone" */;
			compatibilityVersion = "Xcode 8.0";
			developmentRegion = en;
			hasScannedForEncodings = 0;
			knownRegions = (
				en,
				Base,
			);
			mainGroup = BB939C351FA90B6C009445B8;
			productRefGroup = BB939C3F1FA90B6C009445B8 /* Products */;
			projectDirPath = "";
			projectRoot = "";
			targets = (
				BB939C3D1FA90B6C009445B8 /* collectionviewexcersice-partone */,
				BB939C541FA90B6C009445B8 /* collectionviewexcersice-partoneTests */,
				BB939C5F1FA90B6C009445B8 /* collectionviewexcersice-partoneUITests */,
			);
		};
/* End PBXProject section */

/* Begin PBXResourcesBuildPhase section */
		BB939C3C1FA90B6C009445B8 /* Resources */ = {
			isa = PBXResourcesBuildPhase;
			buildActionMask = 2147483647;
			files = (
				BB939C7C1FA956E8009445B8 /* CollectionViewCellController.xib in Resources */,
				BB939C4F1FA90B6C009445B8 /* LaunchScreen.storyboard in Resources */,
				BB939C731FA9422A009445B8 /* Assets.xcassets in Resources */,
				BB939C471FA90B6C009445B8 /* Main.storyboard in Resources */,
			);
			runOnlyForDeploymentPostprocessing = 0;
		};
		BB939C531FA90B6C009445B8 /* Resources */ = {
			isa = PBXResourcesBuildPhase;
			buildActionMask = 2147483647;
			files = (
			);
			runOnlyForDeploymentPostprocessing = 0;
		};
		BB939C5E1FA90B6C009445B8 /* Resources */ = {
			isa = PBXResourcesBuildPhase;
			buildActionMask = 2147483647;
			files = (
			);
			runOnlyForDeploymentPostprocessing = 0;
		};
/* End PBXResourcesBuildPhase section */

/* Begin PBXShellScriptBuildPhase section */
		012892DC8D86F65FFFD9C006 /* [CP] Check Pods Manifest.lock */ = {
			isa = PBXShellScriptBuildPhase;
			buildActionMask = 2147483647;
			files = (
			);
			inputPaths = (
				"${PODS_PODFILE_DIR_PATH}/Podfile.lock",
				"${PODS_ROOT}/Manifest.lock",
			);
			name = "[CP] Check Pods Manifest.lock";
			outputPaths = (
				"$(DERIVED_FILE_DIR)/Pods-collectionviewexcersice-partoneUITests-checkManifestLockResult.txt",
			);
			runOnlyForDeploymentPostprocessing = 0;
			shellPath = /bin/sh;
			shellScript = "diff \"${PODS_PODFILE_DIR_PATH}/Podfile.lock\" \"${PODS_ROOT}/Manifest.lock\" > /dev/null\nif [ $? != 0 ] ; then\n    # print error to STDERR\n    echo \"error: The sandbox is not in sync with the Podfile.lock. Run 'pod install' or update your CocoaPods installation.\" >&2\n    exit 1\nfi\n# This output is used by Xcode 'outputs' to avoid re-running this script phase.\necho \"SUCCESS\" > \"${SCRIPT_OUTPUT_FILE_0}\"\n";
			showEnvVarsInLog = 0;
		};
		219253C4C037D683CBB22CF8 /* [CP] Embed Pods Frameworks */ = {
			isa = PBXShellScriptBuildPhase;
			buildActionMask = 2147483647;
			files = (
			);
			inputPaths = (
				"${SRCROOT}/Pods/Target Support Files/Pods-collectionviewexcersice-partone/Pods-collectionviewexcersice-partone-frameworks.sh",
				"${BUILT_PRODUCTS_DIR}/M13Checkbox/M13Checkbox.framework",
			);
			name = "[CP] Embed Pods Frameworks";
			outputPaths = (
				"${TARGET_BUILD_DIR}/${FRAMEWORKS_FOLDER_PATH}/M13Checkbox.framework",
			);
			runOnlyForDeploymentPostprocessing = 0;
			shellPath = /bin/sh;
			shellScript = "\"${SRCROOT}/Pods/Target Support Files/Pods-collectionviewexcersice-partone/Pods-collectionviewexcersice-partone-frameworks.sh\"\n";
			showEnvVarsInLog = 0;
		};
		3EB40DBF5E43250B79A21B80 /* [CP] Check Pods Manifest.lock */ = {
			isa = PBXShellScriptBuildPhase;
			buildActionMask = 2147483647;
			files = (
			);
			inputPaths = (
				"${PODS_PODFILE_DIR_PATH}/Podfile.lock",
				"${PODS_ROOT}/Manifest.lock",
			);
			name = "[CP] Check Pods Manifest.lock";
			outputPaths = (
				"$(DERIVED_FILE_DIR)/Pods-collectionviewexcersice-partone-checkManifestLockResult.txt",
			);
			runOnlyForDeploymentPostprocessing = 0;
			shellPath = /bin/sh;
			shellScript = "diff \"${PODS_PODFILE_DIR_PATH}/Podfile.lock\" \"${PODS_ROOT}/Manifest.lock\" > /dev/null\nif [ $? != 0 ] ; then\n    # print error to STDERR\n    echo \"error: The sandbox is not in sync with the Podfile.lock. Run 'pod install' or update your CocoaPods installation.\" >&2\n    exit 1\nfi\n# This output is used by Xcode 'outputs' to avoid re-running this script phase.\necho \"SUCCESS\" > \"${SCRIPT_OUTPUT_FILE_0}\"\n";
			showEnvVarsInLog = 0;
		};
		5F6FCDFF9CABDA01A83DDC1D /* [CP] Copy Pods Resources */ = {
			isa = PBXShellScriptBuildPhase;
			buildActionMask = 2147483647;
			files = (
			);
			inputPaths = (
			);
			name = "[CP] Copy Pods Resources";
			outputPaths = (
			);
			runOnlyForDeploymentPostprocessing = 0;
			shellPath = /bin/sh;
			shellScript = "\"${SRCROOT}/Pods/Target Support Files/Pods-collectionviewexcersice-partoneTests/Pods-collectionviewexcersice-partoneTests-resources.sh\"\n";
			showEnvVarsInLog = 0;
		};
		97EF20C8DAC5C32165D73322 /* [CP] Check Pods Manifest.lock */ = {
			isa = PBXShellScriptBuildPhase;
			buildActionMask = 2147483647;
			files = (
			);
			inputPaths = (
				"${PODS_PODFILE_DIR_PATH}/Podfile.lock",
				"${PODS_ROOT}/Manifest.lock",
			);
			name = "[CP] Check Pods Manifest.lock";
			outputPaths = (
				"$(DERIVED_FILE_DIR)/Pods-collectionviewexcersice-partoneTests-checkManifestLockResult.txt",
			);
			runOnlyForDeploymentPostprocessing = 0;
			shellPath = /bin/sh;
			shellScript = "diff \"${PODS_PODFILE_DIR_PATH}/Podfile.lock\" \"${PODS_ROOT}/Manifest.lock\" > /dev/null\nif [ $? != 0 ] ; then\n    # print error to STDERR\n    echo \"error: The sandbox is not in sync with the Podfile.lock. Run 'pod install' or update your CocoaPods installation.\" >&2\n    exit 1\nfi\n# This output is used by Xcode 'outputs' to avoid re-running this script phase.\necho \"SUCCESS\" > \"${SCRIPT_OUTPUT_FILE_0}\"\n";
			showEnvVarsInLog = 0;
		};
		B04792EC4DDE5FE7B65FCBFA /* [CP] Embed Pods Frameworks */ = {
			isa = PBXShellScriptBuildPhase;
			buildActionMask = 2147483647;
			files = (
			);
			inputPaths = (
			);
			name = "[CP] Embed Pods Frameworks";
			outputPaths = (
			);
			runOnlyForDeploymentPostprocessing = 0;
			shellPath = /bin/sh;
			shellScript = "\"${SRCROOT}/Pods/Target Support Files/Pods-collectionviewexcersice-partoneTests/Pods-collectionviewexcersice-partoneTests-frameworks.sh\"\n";
			showEnvVarsInLog = 0;
		};
		B24554E9A6805C4688DD3A46 /* [CP] Copy Pods Resources */ = {
			isa = PBXShellScriptBuildPhase;
			buildActionMask = 2147483647;
			files = (
			);
			inputPaths = (
			);
			name = "[CP] Copy Pods Resources";
			outputPaths = (
			);
			runOnlyForDeploymentPostprocessing = 0;
			shellPath = /bin/sh;
			shellScript = "\"${SRCROOT}/Pods/Target Support Files/Pods-collectionviewexcersice-partone/Pods-collectionviewexcersice-partone-resources.sh\"\n";
			showEnvVarsInLog = 0;
		};
		E318DB88FC43AFCF6D97B1E2 /* [CP] Copy Pods Resources */ = {
			isa = PBXShellScriptBuildPhase;
			buildActionMask = 2147483647;
			files = (
			);
			inputPaths = (
			);
			name = "[CP] Copy Pods Resources";
			outputPaths = (
			);
			runOnlyForDeploymentPostprocessing = 0;
			shellPath = /bin/sh;
			shellScript = "\"${SRCROOT}/Pods/Target Support Files/Pods-collectionviewexcersice-partoneUITests/Pods-collectionviewexcersice-partoneUITests-resources.sh\"\n";
			showEnvVarsInLog = 0;
		};
		F880B560A58718AAA3039BFC /* [CP] Embed Pods Frameworks */ = {
			isa = PBXShellScriptBuildPhase;
			buildActionMask = 2147483647;
			files = (
			);
			inputPaths = (
			);
			name = "[CP] Embed Pods Frameworks";
			outputPaths = (
			);
			runOnlyForDeploymentPostprocessing = 0;
			shellPath = /bin/sh;
			shellScript = "\"${SRCROOT}/Pods/Target Support Files/Pods-collectionviewexcersice-partoneUITests/Pods-collectionviewexcersice-partoneUITests-frameworks.sh\"\n";
			showEnvVarsInLog = 0;
		};
/* End PBXShellScriptBuildPhase section */

/* Begin PBXSourcesBuildPhase section */
		BB939C3A1FA90B6C009445B8 /* Sources */ = {
			isa = PBXSourcesBuildPhase;
			buildActionMask = 2147483647;
			files = (
				BB939C821FA97821009445B8 /* PersonCreatorViewController.swift in Sources */,
				BB939C7E1FA95E32009445B8 /* Person.swift in Sources */,
				BB939C7B1FA956E8009445B8 /* CollectionViewCellController.swift in Sources */,
				BB939C4A1FA90B6C009445B8 /* collectionviewexcersice_partone.xcdatamodeld in Sources */,
				BB939C441FA90B6C009445B8 /* ViewController.swift in Sources */,
				BB939C801FA970D2009445B8 /* PersonPresenterViewController.swift in Sources */,
				BB939C421FA90B6C009445B8 /* AppDelegate.swift in Sources */,
			);
			runOnlyForDeploymentPostprocessing = 0;
		};
		BB939C511FA90B6C009445B8 /* Sources */ = {
			isa = PBXSourcesBuildPhase;
			buildActionMask = 2147483647;
			files = (
				BB939C5A1FA90B6C009445B8 /* collectionviewexcersice_partoneTests.swift in Sources */,
			);
			runOnlyForDeploymentPostprocessing = 0;
		};
		BB939C5C1FA90B6C009445B8 /* Sources */ = {
			isa = PBXSourcesBuildPhase;
			buildActionMask = 2147483647;
			files = (
				BB939C651FA90B6C009445B8 /* collectionviewexcersice_partoneUITests.swift in Sources */,
			);
			runOnlyForDeploymentPostprocessing = 0;
		};
/* End PBXSourcesBuildPhase section */

/* Begin PBXTargetDependency section */
		BB939C571FA90B6C009445B8 /* PBXTargetDependency */ = {
			isa = PBXTargetDependency;
			target = BB939C3D1FA90B6C009445B8 /* collectionviewexcersice-partone */;
			targetProxy = BB939C561FA90B6C009445B8 /* PBXContainerItemProxy */;
		};
		BB939C621FA90B6C009445B8 /* PBXTargetDependency */ = {
			isa = PBXTargetDependency;
			target = BB939C3D1FA90B6C009445B8 /* collectionviewexcersice-partone */;
			targetProxy = BB939C611FA90B6C009445B8 /* PBXContainerItemProxy */;
		};
/* End PBXTargetDependency section */

/* Begin PBXVariantGroup section */
		BB939C451FA90B6C009445B8 /* Main.storyboard */ = {
			isa = PBXVariantGroup;
			children = (
				BB939C461FA90B6C009445B8 /* Base */,
			);
			name = Main.storyboard;
			sourceTree = "<group>";
		};
		BB939C4D1FA90B6C009445B8 /* LaunchScreen.storyboard */ = {
			isa = PBXVariantGroup;
			children = (
				BB939C4E1FA90B6C009445B8 /* Base */,
			);
			name = LaunchScreen.storyboard;
			sourceTree = "<group>";
		};
/* End PBXVariantGroup section */

/* Begin XCBuildConfiguration section */
		BB939C671FA90B6C009445B8 /* Debug */ = {
			isa = XCBuildConfiguration;
			buildSettings = {
				ALWAYS_SEARCH_USER_PATHS = NO;
				CLANG_ANALYZER_NONNULL = YES;
				CLANG_ANALYZER_NUMBER_OBJECT_CONVERSION = YES_AGGRESSIVE;
				CLANG_CXX_LANGUAGE_STANDARD = "gnu++14";
				CLANG_CXX_LIBRARY = "libc++";
				CLANG_ENABLE_MODULES = YES;
				CLANG_ENABLE_OBJC_ARC = YES;
				CLANG_WARN_BLOCK_CAPTURE_AUTORELEASING = YES;
				CLANG_WARN_BOOL_CONVERSION = YES;
				CLANG_WARN_COMMA = YES;
				CLANG_WARN_CONSTANT_CONVERSION = YES;
				CLANG_WARN_DIRECT_OBJC_ISA_USAGE = YES_ERROR;
				CLANG_WARN_DOCUMENTATION_COMMENTS = YES;
				CLANG_WARN_EMPTY_BODY = YES;
				CLANG_WARN_ENUM_CONVERSION = YES;
				CLANG_WARN_INFINITE_RECURSION = YES;
				CLANG_WARN_INT_CONVERSION = YES;
				CLANG_WARN_NON_LITERAL_NULL_CONVERSION = YES;
				CLANG_WARN_OBJC_LITERAL_CONVERSION = YES;
				CLANG_WARN_OBJC_ROOT_CLASS = YES_ERROR;
				CLANG_WARN_RANGE_LOOP_ANALYSIS = YES;
				CLANG_WARN_STRICT_PROTOTYPES = YES;
				CLANG_WARN_SUSPICIOUS_MOVE = YES;
				CLANG_WARN_UNGUARDED_AVAILABILITY = YES_AGGRESSIVE;
				CLANG_WARN_UNREACHABLE_CODE = YES;
				CLANG_WARN__DUPLICATE_METHOD_MATCH = YES;
				CODE_SIGN_IDENTITY = "iPhone Developer";
				COPY_PHASE_STRIP = NO;
				DEBUG_INFORMATION_FORMAT = dwarf;
				ENABLE_STRICT_OBJC_MSGSEND = YES;
				ENABLE_TESTABILITY = YES;
				GCC_C_LANGUAGE_STANDARD = gnu11;
				GCC_DYNAMIC_NO_PIC = NO;
				GCC_NO_COMMON_BLOCKS = YES;
				GCC_OPTIMIZATION_LEVEL = 0;
				GCC_PREPROCESSOR_DEFINITIONS = (
					"DEBUG=1",
					"$(inherited)",
				);
				GCC_WARN_64_TO_32_BIT_CONVERSION = YES;
				GCC_WARN_ABOUT_RETURN_TYPE = YES_ERROR;
				GCC_WARN_UNDECLARED_SELECTOR = YES;
				GCC_WARN_UNINITIALIZED_AUTOS = YES_AGGRESSIVE;
				GCC_WARN_UNUSED_FUNCTION = YES;
				GCC_WARN_UNUSED_VARIABLE = YES;
				IPHONEOS_DEPLOYMENT_TARGET = 11.0;
				MTL_ENABLE_DEBUG_INFO = YES;
				ONLY_ACTIVE_ARCH = YES;
				SDKROOT = iphoneos;
				SWIFT_ACTIVE_COMPILATION_CONDITIONS = DEBUG;
				SWIFT_OPTIMIZATION_LEVEL = "-Onone";
			};
			name = Debug;
		};
		BB939C681FA90B6C009445B8 /* Release */ = {
			isa = XCBuildConfiguration;
			buildSettings = {
				ALWAYS_SEARCH_USER_PATHS = NO;
				CLANG_ANALYZER_NONNULL = YES;
				CLANG_ANALYZER_NUMBER_OBJECT_CONVERSION = YES_AGGRESSIVE;
				CLANG_CXX_LANGUAGE_STANDARD = "gnu++14";
				CLANG_CXX_LIBRARY = "libc++";
				CLANG_ENABLE_MODULES = YES;
				CLANG_ENABLE_OBJC_ARC = YES;
				CLANG_WARN_BLOCK_CAPTURE_AUTORELEASING = YES;
				CLANG_WARN_BOOL_CONVERSION = YES;
				CLANG_WARN_COMMA = YES;
				CLANG_WARN_CONSTANT_CONVERSION = YES;
				CLANG_WARN_DIRECT_OBJC_ISA_USAGE = YES_ERROR;
				CLANG_WARN_DOCUMENTATION_COMMENTS = YES;
				CLANG_WARN_EMPTY_BODY = YES;
				CLANG_WARN_ENUM_CONVERSION = YES;
				CLANG_WARN_INFINITE_RECURSION = YES;
				CLANG_WARN_INT_CONVERSION = YES;
				CLANG_WARN_NON_LITERAL_NULL_CONVERSION = YES;
				CLANG_WARN_OBJC_LITERAL_CONVERSION = YES;
				CLANG_WARN_OBJC_ROOT_CLASS = YES_ERROR;
				CLANG_WARN_RANGE_LOOP_ANALYSIS = YES;
				CLANG_WARN_STRICT_PROTOTYPES = YES;
				CLANG_WARN_SUSPICIOUS_MOVE = YES;
				CLANG_WARN_UNGUARDED_AVAILABILITY = YES_AGGRESSIVE;
				CLANG_WARN_UNREACHABLE_CODE = YES;
				CLANG_WARN__DUPLICATE_METHOD_MATCH = YES;
				CODE_SIGN_IDENTITY = "iPhone Developer";
				COPY_PHASE_STRIP = NO;
				DEBUG_INFORMATION_FORMAT = "dwarf-with-dsym";
				ENABLE_NS_ASSERTIONS = NO;
				ENABLE_STRICT_OBJC_MSGSEND = YES;
				GCC_C_LANGUAGE_STANDARD = gnu11;
				GCC_NO_COMMON_BLOCKS = YES;
				GCC_WARN_64_TO_32_BIT_CONVERSION = YES;
				GCC_WARN_ABOUT_RETURN_TYPE = YES_ERROR;
				GCC_WARN_UNDECLARED_SELECTOR = YES;
				GCC_WARN_UNINITIALIZED_AUTOS = YES_AGGRESSIVE;
				GCC_WARN_UNUSED_FUNCTION = YES;
				GCC_WARN_UNUSED_VARIABLE = YES;
				IPHONEOS_DEPLOYMENT_TARGET = 11.0;
				MTL_ENABLE_DEBUG_INFO = NO;
				SDKROOT = iphoneos;
				SWIFT_OPTIMIZATION_LEVEL = "-Owholemodule";
				VALIDATE_PRODUCT = YES;
			};
			name = Release;
		};
		BB939C6A1FA90B6C009445B8 /* Debug */ = {
			isa = XCBuildConfiguration;
			baseConfigurationReference = BBCD5151301225D45D941342 /* Pods-collectionviewexcersice-partone.debug.xcconfig */;
			buildSettings = {
				ASSETCATALOG_COMPILER_APPICON_NAME = AppIcon;
				CODE_SIGN_STYLE = Automatic;
				DEVELOPMENT_TEAM = 76456274W3;
				INFOPLIST_FILE = "collectionviewexcersice-partone/Info.plist";
				LD_RUNPATH_SEARCH_PATHS = "$(inherited) @executable_path/Frameworks";
				PRODUCT_BUNDLE_IDENTIFIER = "MCS.collectionviewexcersice-partone";
				PRODUCT_NAME = "$(TARGET_NAME)";
				SWIFT_VERSION = 4.0;
				TARGETED_DEVICE_FAMILY = "1,2";
			};
			name = Debug;
		};
		BB939C6B1FA90B6C009445B8 /* Release */ = {
			isa = XCBuildConfiguration;
			baseConfigurationReference = 96D190844DCFE498351E7A84 /* Pods-collectionviewexcersice-partone.release.xcconfig */;
			buildSettings = {
				ASSETCATALOG_COMPILER_APPICON_NAME = AppIcon;
				CODE_SIGN_STYLE = Automatic;
				DEVELOPMENT_TEAM = 76456274W3;
				INFOPLIST_FILE = "collectionviewexcersice-partone/Info.plist";
				LD_RUNPATH_SEARCH_PATHS = "$(inherited) @executable_path/Frameworks";
				PRODUCT_BUNDLE_IDENTIFIER = "MCS.collectionviewexcersice-partone";
				PRODUCT_NAME = "$(TARGET_NAME)";
				SWIFT_VERSION = 4.0;
				TARGETED_DEVICE_FAMILY = "1,2";
			};
			name = Release;
		};
		BB939C6D1FA90B6C009445B8 /* Debug */ = {
			isa = XCBuildConfiguration;
			baseConfigurationReference = BBF6AF16459A3F03F93E29EE /* Pods-collectionviewexcersice-partoneTests.debug.xcconfig */;
			buildSettings = {
				ALWAYS_EMBED_SWIFT_STANDARD_LIBRARIES = YES;
				BUNDLE_LOADER = "$(TEST_HOST)";
				CODE_SIGN_STYLE = Automatic;
				DEVELOPMENT_TEAM = 76456274W3;
				INFOPLIST_FILE = "collectionviewexcersice-partoneTests/Info.plist";
				LD_RUNPATH_SEARCH_PATHS = "$(inherited) @executable_path/Frameworks @loader_path/Frameworks";
				PRODUCT_BUNDLE_IDENTIFIER = "MCS.collectionviewexcersice-partoneTests";
				PRODUCT_NAME = "$(TARGET_NAME)";
				SWIFT_VERSION = 4.0;
				TARGETED_DEVICE_FAMILY = "1,2";
				TEST_HOST = "$(BUILT_PRODUCTS_DIR)/collectionviewexcersice-partone.app/collectionviewexcersice-partone";
			};
			name = Debug;
		};
		BB939C6E1FA90B6C009445B8 /* Release */ = {
			isa = XCBuildConfiguration;
			baseConfigurationReference = AB25C144D283F161B5BB5316 /* Pods-collectionviewexcersice-partoneTests.release.xcconfig */;
			buildSettings = {
				ALWAYS_EMBED_SWIFT_STANDARD_LIBRARIES = YES;
				BUNDLE_LOADER = "$(TEST_HOST)";
				CODE_SIGN_STYLE = Automatic;
				DEVELOPMENT_TEAM = 76456274W3;
				INFOPLIST_FILE = "collectionviewexcersice-partoneTests/Info.plist";
				LD_RUNPATH_SEARCH_PATHS = "$(inherited) @executable_path/Frameworks @loader_path/Frameworks";
				PRODUCT_BUNDLE_IDENTIFIER = "MCS.collectionviewexcersice-partoneTests";
				PRODUCT_NAME = "$(TARGET_NAME)";
				SWIFT_VERSION = 4.0;
				TARGETED_DEVICE_FAMILY = "1,2";
				TEST_HOST = "$(BUILT_PRODUCTS_DIR)/collectionviewexcersice-partone.app/collectionviewexcersice-partone";
			};
			name = Release;
		};
		BB939C701FA90B6C009445B8 /* Debug */ = {
			isa = XCBuildConfiguration;
			baseConfigurationReference = 807E05D44AB4BE3675C7D736 /* Pods-collectionviewexcersice-partoneUITests.debug.xcconfig */;
			buildSettings = {
				ALWAYS_EMBED_SWIFT_STANDARD_LIBRARIES = YES;
				CODE_SIGN_STYLE = Automatic;
				DEVELOPMENT_TEAM = 76456274W3;
				INFOPLIST_FILE = "collectionviewexcersice-partoneUITests/Info.plist";
				LD_RUNPATH_SEARCH_PATHS = "$(inherited) @executable_path/Frameworks @loader_path/Frameworks";
				PRODUCT_BUNDLE_IDENTIFIER = "MCS.collectionviewexcersice-partoneUITests";
				PRODUCT_NAME = "$(TARGET_NAME)";
				SWIFT_VERSION = 4.0;
				TARGETED_DEVICE_FAMILY = "1,2";
				TEST_TARGET_NAME = "collectionviewexcersice-partone";
			};
			name = Debug;
		};
		BB939C711FA90B6C009445B8 /* Release */ = {
			isa = XCBuildConfiguration;
			baseConfigurationReference = DC7080BB627000F4EFC246AD /* Pods-collectionviewexcersice-partoneUITests.release.xcconfig */;
			buildSettings = {
				ALWAYS_EMBED_SWIFT_STANDARD_LIBRARIES = YES;
				CODE_SIGN_STYLE = Automatic;
				DEVELOPMENT_TEAM = 76456274W3;
				INFOPLIST_FILE = "collectionviewexcersice-partoneUITests/Info.plist";
				LD_RUNPATH_SEARCH_PATHS = "$(inherited) @executable_path/Frameworks @loader_path/Frameworks";
				PRODUCT_BUNDLE_IDENTIFIER = "MCS.collectionviewexcersice-partoneUITests";
				PRODUCT_NAME = "$(TARGET_NAME)";
				SWIFT_VERSION = 4.0;
				TARGETED_DEVICE_FAMILY = "1,2";
				TEST_TARGET_NAME = "collectionviewexcersice-partone";
			};
			name = Release;
		};
/* End XCBuildConfiguration section */

/* Begin XCConfigurationList section */
		BB939C391FA90B6C009445B8 /* Build configuration list for PBXProject "collectionviewexcersice-partone" */ = {
			isa = XCConfigurationList;
			buildConfigurations = (
				BB939C671FA90B6C009445B8 /* Debug */,
				BB939C681FA90B6C009445B8 /* Release */,
			);
			defaultConfigurationIsVisible = 0;
			defaultConfigurationName = Release;
		};
		BB939C691FA90B6C009445B8 /* Build configuration list for PBXNativeTarget "collectionviewexcersice-partone" */ = {
			isa = XCConfigurationList;
			buildConfigurations = (
				BB939C6A1FA90B6C009445B8 /* Debug */,
				BB939C6B1FA90B6C009445B8 /* Release */,
			);
			defaultConfigurationIsVisible = 0;
			defaultConfigurationName = Release;
		};
		BB939C6C1FA90B6C009445B8 /* Build configuration list for PBXNativeTarget "collectionviewexcersice-partoneTests" */ = {
			isa = XCConfigurationList;
			buildConfigurations = (
				BB939C6D1FA90B6C009445B8 /* Debug */,
				BB939C6E1FA90B6C009445B8 /* Release */,
			);
			defaultConfigurationIsVisible = 0;
			defaultConfigurationName = Release;
		};
		BB939C6F1FA90B6C009445B8 /* Build configuration list for PBXNativeTarget "collectionviewexcersice-partoneUITests" */ = {
			isa = XCConfigurationList;
			buildConfigurations = (
				BB939C701FA90B6C009445B8 /* Debug */,
				BB939C711FA90B6C009445B8 /* Release */,
			);
			defaultConfigurationIsVisible = 0;
			defaultConfigurationName = Release;
		};
/* End XCConfigurationList section */

/* Begin XCVersionGroup section */
		BB939C481FA90B6C009445B8 /* collectionviewexcersice_partone.xcdatamodeld */ = {
			isa = XCVersionGroup;
			children = (
				BB939C491FA90B6C009445B8 /* collectionviewexcersice_partone.xcdatamodel */,
			);
			currentVersion = BB939C491FA90B6C009445B8 /* collectionviewexcersice_partone.xcdatamodel */;
			path = collectionviewexcersice_partone.xcdatamodeld;
			sourceTree = "<group>";
			versionGroupType = wrapper.xcdatamodel;
		};
/* End XCVersionGroup section */
	};
	rootObject = BB939C361FA90B6C009445B8 /* Project object */;
}
